
Microsoft Visual Studio Solution File, Format Version 12.00
# Visual Studio Version 16
VisualStudioVersion = 16.6.30114.105
MinimumVisualStudioVersion = 10.0.40219.1
Project("{FAE04EC0-301F-11D3-BF4B-00C04F79EFBC}") = "AuthServer.AuthAPI", "AuthServer.AuthAPI\AuthServer.AuthAPI.csproj", "{D0CF26A1-E314-49DC-994B-09DFBD9F0DC1}"
EndProject
Project("{FAE04EC0-301F-11D3-BF4B-00C04F79EFBC}") = "AuthServer.Core", "AuthServer.Core\AuthServer.Core.csproj", "{91D3207A-C977-4F3A-8431-0D9280DC8556}"
EndProject
Project("{FAE04EC0-301F-11D3-BF4B-00C04F79EFBC}") = "AuthServer.Infrastructure", "AuthServer.Infrastructure\AuthServer.Infrastructure.csproj", "{E48A315D-AFA8-4E49-A670-1F07E528B5AF}"
EndProject
Project("{FAE04EC0-301F-11D3-BF4B-00C04F79EFBC}") = "AuthServer.Application", "AuthServer.Application\AuthServer.Application.csproj", "{EB0F7DBE-EEB2-472C-9DFD-379A1C25F999}"
EndProject
Global
	GlobalSection(SolutionConfigurationPlatforms) = preSolution
		Debug|Any CPU = Debug|Any CPU
		Debug|x64 = Debug|x64
		Debug|x86 = Debug|x86
		Release|Any CPU = Release|Any CPU
		Release|x64 = Release|x64
		Release|x86 = Release|x86
	EndGlobalSection
	GlobalSection(SolutionProperties) = preSolution
		HideSolutionNode = FALSE
	EndGlobalSection
	GlobalSection(ProjectConfigurationPlatforms) = postSolution
		{D0CF26A1-E314-49DC-994B-09DFBD9F0DC1}.Debug|Any CPU.ActiveCfg = Debug|Any CPU
		{D0CF26A1-E314-49DC-994B-09DFBD9F0DC1}.Debug|Any CPU.Build.0 = Debug|Any CPU
		{D0CF26A1-E314-49DC-994B-09DFBD9F0DC1}.Debug|x64.ActiveCfg = Debug|Any CPU
		{D0CF26A1-E314-49DC-994B-09DFBD9F0DC1}.Debug|x64.Build.0 = Debug|Any CPU
		{D0CF26A1-E314-49DC-994B-09DFBD9F0DC1}.Debug|x86.ActiveCfg = Debug|Any CPU
		{D0CF26A1-E314-49DC-994B-09DFBD9F0DC1}.Debug|x86.Build.0 = Debug|Any CPU
		{D0CF26A1-E314-49DC-994B-09DFBD9F0DC1}.Release|Any CPU.ActiveCfg = Release|Any CPU
		{D0CF26A1-E314-49DC-994B-09DFBD9F0DC1}.Release|Any CPU.Build.0 = Release|Any CPU
		{D0CF26A1-E314-49DC-994B-09DFBD9F0DC1}.Release|x64.ActiveCfg = Release|Any CPU
		{D0CF26A1-E314-49DC-994B-09DFBD9F0DC1}.Release|x64.Build.0 = Release|Any CPU
		{D0CF26A1-E314-49DC-994B-09DFBD9F0DC1}.Release|x86.ActiveCfg = Release|Any CPU
		{D0CF26A1-E314-49DC-994B-09DFBD9F0DC1}.Release|x86.Build.0 = Release|Any CPU
		{91D3207A-C977-4F3A-8431-0D9280DC8556}.Debug|Any CPU.ActiveCfg = Debug|Any CPU
		{91D3207A-C977-4F3A-8431-0D9280DC8556}.Debug|Any CPU.Build.0 = Debug|Any CPU
		{91D3207A-C977-4F3A-8431-0D9280DC8556}.Debug|x64.ActiveCfg = Debug|Any CPU
		{91D3207A-C977-4F3A-8431-0D9280DC8556}.Debug|x64.Build.0 = Debug|Any CPU
		{91D3207A-C977-4F3A-8431-0D9280DC8556}.Debug|x86.ActiveCfg = Debug|Any CPU
		{91D3207A-C977-4F3A-8431-0D9280DC8556}.Debug|x86.Build.0 = Debug|Any CPU
		{91D3207A-C977-4F3A-8431-0D9280DC8556}.Release|Any CPU.ActiveCfg = Release|Any CPU
		{91D3207A-C977-4F3A-8431-0D9280DC8556}.Release|Any CPU.Build.0 = Release|Any CPU
		{91D3207A-C977-4F3A-8431-0D9280DC8556}.Release|x64.ActiveCfg = Release|Any CPU
		{91D3207A-C977-4F3A-8431-0D9280DC8556}.Release|x64.Build.0 = Release|Any CPU
		{91D3207A-C977-4F3A-8431-0D9280DC8556}.Release|x86.ActiveCfg = Release|Any CPU
		{91D3207A-C977-4F3A-8431-0D9280DC8556}.Release|x86.Build.0 = Release|Any CPU
		{E48A315D-AFA8-4E49-A670-1F07E528B5AF}.Debug|Any CPU.ActiveCfg = Debug|Any CPU
		{E48A315D-AFA8-4E49-A670-1F07E528B5AF}.Debug|Any CPU.Build.0 = Debug|Any CPU
		{E48A315D-AFA8-4E49-A670-1F07E528B5AF}.Debug|x64.ActiveCfg = Debug|Any CPU
		{E48A315D-AFA8-4E49-A670-1F07E528B5AF}.Debug|x64.Build.0 = Debug|Any CPU
		{E48A315D-AFA8-4E49-A670-1F07E528B5AF}.Debug|x86.ActiveCfg = Debug|Any CPU
		{E48A315D-AFA8-4E49-A670-1F07E528B5AF}.Debug|x86.Build.0 = Debug|Any CPU
		{E48A315D-AFA8-4E49-A670-1F07E528B5AF}.Release|Any CPU.ActiveCfg = Release|Any CPU
		{E48A315D-AFA8-4E49-A670-1F07E528B5AF}.Release|Any CPU.Build.0 = Release|Any CPU
		{E48A315D-AFA8-4E49-A670-1F07E528B5AF}.Release|x64.ActiveCfg = Release|Any CPU
		{E48A315D-AFA8-4E49-A670-1F07E528B5AF}.Release|x64.Build.0 = Release|Any CPU
		{E48A315D-AFA8-4E49-A670-1F07E528B5AF}.Release|x86.ActiveCfg = Release|Any CPU
		{E48A315D-AFA8-4E49-A670-1F07E528B5AF}.Release|x86.Build.0 = Release|Any CPU
		{EB0F7DBE-EEB2-472C-9DFD-379A1C25F999}.Debug|Any CPU.ActiveCfg = Debug|Any CPU
		{EB0F7DBE-EEB2-472C-9DFD-379A1C25F999}.Debug|Any CPU.Build.0 = Debug|Any CPU
		{EB0F7DBE-EEB2-472C-9DFD-379A1C25F999}.Debug|x64.ActiveCfg = Debug|Any CPU
		{EB0F7DBE-EEB2-472C-9DFD-379A1C25F999}.Debug|x64.Build.0 = Debug|Any CPU
		{EB0F7DBE-EEB2-472C-9DFD-379A1C25F999}.Debug|x86.ActiveCfg = Debug|Any CPU
		{EB0F7DBE-EEB2-472C-9DFD-379A1C25F999}.Debug|x86.Build.0 = Debug|Any CPU
		{EB0F7DBE-EEB2-472C-9DFD-379A1C25F999}.Release|Any CPU.ActiveCfg = Release|Any CPU
		{EB0F7DBE-EEB2-472C-9DFD-379A1C25F999}.Release|Any CPU.Build.0 = Release|Any CPU
		{EB0F7DBE-EEB2-472C-9DFD-379A1C25F999}.Release|x64.ActiveCfg = Release|Any CPU
		{EB0F7DBE-EEB2-472C-9DFD-379A1C25F999}.Release|x64.Build.0 = Release|Any CPU
		{EB0F7DBE-EEB2-472C-9DFD-379A1C25F999}.Release|x86.ActiveCfg = Release|Any CPU
		{EB0F7DBE-EEB2-472C-9DFD-379A1C25F999}.Release|x86.Build.0 = Release|Any CPU
	EndGlobalSection
EndGlobal
